
Microsoft Visual Studio Solution File, Format Version 12.00
# Visual Studio Version 17
VisualStudioVersion = 17.9.34728.123
MinimumVisualStudioVersion = 10.0.40219.1
Project("{F14B399A-7131-4C87-9E4B-1186C45EF12D}") = "Reportes Proyecto de Catedra", "Reportes Proyecto de Catedra\Reportes Proyecto de Catedra.rptproj", "{52A24E08-E8CC-479A-9E40-B342B5E4CBE7}"
EndProject
Global
	GlobalSection(SolutionConfigurationPlatforms) = preSolution
		Debug|Default = Debug|Default
		DebugLocal|Default = DebugLocal|Default
		Release|Default = Release|Default
	EndGlobalSection
	GlobalSection(ProjectConfigurationPlatforms) = postSolution
		{52A24E08-E8CC-479A-9E40-B342B5E4CBE7}.Debug|Default.ActiveCfg = Debug
		{52A24E08-E8CC-479A-9E40-B342B5E4CBE7}.Debug|Default.Build.0 = Debug
		{52A24E08-E8CC-479A-9E40-B342B5E4CBE7}.Debug|Default.Deploy.0 = Debug
		{52A24E08-E8CC-479A-9E40-B342B5E4CBE7}.DebugLocal|Default.ActiveCfg = DebugLocal
		{52A24E08-E8CC-479A-9E40-B342B5E4CBE7}.DebugLocal|Default.Build.0 = DebugLocal
		{52A24E08-E8CC-479A-9E40-B342B5E4CBE7}.Release|Default.ActiveCfg = Release
		{52A24E08-E8CC-479A-9E40-B342B5E4CBE7}.Release|Default.Build.0 = Release
		{52A24E08-E8CC-479A-9E40-B342B5E4CBE7}.Release|Default.Deploy.0 = Release
	EndGlobalSection
	GlobalSection(SolutionProperties) = preSolution
		HideSolutionNode = FALSE
	EndGlobalSection
	GlobalSection(ExtensibilityGlobals) = postSolution
		SolutionGuid = {67B5101D-2A5C-4F19-BB64-42B47A59A554}
	EndGlobalSection
EndGlobal
