
Microsoft Visual Studio Solution File, Format Version 12.00
# Visual Studio Version 17
VisualStudioVersion = 17.9.34728.123
MinimumVisualStudioVersion = 10.0.40219.1
Project("{F14B399A-7131-4C87-9E4B-1186C45EF12D}") = "Proyecto de informe", "Proyecto de informe\Proyecto de informe.rptproj", "{B381BF5C-28C3-442F-B472-1D4FEF37AE67}"
EndProject
Global
	GlobalSection(SolutionConfigurationPlatforms) = preSolution
		Debug|Default = Debug|Default
		DebugLocal|Default = DebugLocal|Default
		Release|Default = Release|Default
	EndGlobalSection
	GlobalSection(ProjectConfigurationPlatforms) = postSolution
		{B381BF5C-28C3-442F-B472-1D4FEF37AE67}.Debug|Default.ActiveCfg = Debug
		{B381BF5C-28C3-442F-B472-1D4FEF37AE67}.Debug|Default.Build.0 = Debug
		{B381BF5C-28C3-442F-B472-1D4FEF37AE67}.Debug|Default.Deploy.0 = Debug
		{B381BF5C-28C3-442F-B472-1D4FEF37AE67}.DebugLocal|Default.ActiveCfg = DebugLocal
		{B381BF5C-28C3-442F-B472-1D4FEF37AE67}.DebugLocal|Default.Build.0 = DebugLocal
		{B381BF5C-28C3-442F-B472-1D4FEF37AE67}.Release|Default.ActiveCfg = Release
		{B381BF5C-28C3-442F-B472-1D4FEF37AE67}.Release|Default.Build.0 = Release
		{B381BF5C-28C3-442F-B472-1D4FEF37AE67}.Release|Default.Deploy.0 = Release
	EndGlobalSection
	GlobalSection(SolutionProperties) = preSolution
		HideSolutionNode = FALSE
	EndGlobalSection
	GlobalSection(ExtensibilityGlobals) = postSolution
		SolutionGuid = {971C73AA-8384-47F3-96CF-16D558D9D266}
	EndGlobalSection
EndGlobal
